filippo.io/edwards25519 v1.1.0 h1:FNf4tywRC1HmFuKW5xopWpigGjJKiJSV0Cqo0cJWDaA=
filippo.io/edwards25519 v1.1.0/go.mod h1:BxyFTGdWcka3PhytdK4V28tE5sGfRvvvRV7EaN4VDT4=
github.com/SlyMarbo/rss v1.0.5 h1:DPcZ4aOXXHJ5yNLXY1q/57frIixMmAvTtLxDE3fsMEI=
github.com/SlyMarbo/rss v1.0.5/go.mod h1:w6Bhn1BZs91q4OlEnJVZEUNRJmlbFmV7BkAlgCN8ofM=
github.com/axgle/mahonia v0.0.0-20180208002826-3358181d7394 h1:OYA+5W64v3OgClL+IrOD63t4i/RW7RqrAVl9LTZ9UqQ=
github.com/axgle/mahonia v0.0.0-20180208002826-3358181d7394/go.mod h1:Q8n74mJTIgjX4RBBcHnJ05h//6/k6foqmgE45jTQtxg=
github.com/cristalhq/aconfig v0.17.0/go.mod h1:NXaRp+1e6bkO4dJn+wZ71xyaihMDYPtCSvEhMTm/H3E=
github.com/cristalhq/aconfig v0.18.6 h1:8KRBznzdjUUiaa7HeIpYbMx1uPE1/xOBEU1ajsnmNME=
github.com/cristalhq/aconfig v0.18.6/go.mod h1:9ogrGEt9yU5V4pif/ThkVUfhj8JkdV+iDeahZGgfnDU=
github.com/cristalhq/aconfig/aconfighcl v0.17.1 h1:/hJvmmoP3akvjY8qARiXgN30m/WXeBvpQdQ8v4DE8W8=
github.com/cristalhq/aconfig/aconfighcl v0.17.1/go.mod h1:oOPqMmdUjVW6pKKO1zkOwQKHSUD0rlu8F5do+pylOQc=
github.com/davecgh/go-spew v1.1.1/go.mod h1:J7Y8YcW2NihsgmVo/mv3lAwl/skON4iLHjSsI+c5H38=
github.com/go-sql-driver/mysql v1.8.1 h1:LedoTUt/eveggdHS9qUFC1EFSa8bU2+1pZjSRpvNJ1Y=
github.com/go-sql-driver/mysql v1.8.1/go.mod h1:wEBSXgmK//2ZFJyE+qWnIsVGmvmEKlqwuVSjsCm7DZg=
github.com/hashicorp/hcl v1.0.0 h1:0Anlzjpi4vEasTeNFn2mLJgTSwt0+6sfsiTG8qcWGx4=
github.com/hashicorp/hcl v1.0.0/go.mod h1:E5yfLk+7swimpb2L/Alb/PJmXilQ/rhwaUYs4T20WEQ=
github.com/jmoiron/sqlx v1.4.0 h1:1PLqN7S1UYp5t4SrVVnt4nUVNemrDAtxlulVe+Qgm3o=
github.com/jmoiron/sqlx v1.4.0/go.mod h1:ZrZ7UsYB/weZdl2Bxg6jCRO9c3YHl8r3ahlKmRT4JLY=
github.com/lib/pq v1.10.9 h1:YXG7RB+JIjhP29X+OtkiDnYaXQwpS4JEWq7dtCCRUEw=
github.com/lib/pq v1.10.9/go.mod h1:AlVN5x4E4T544tWzH6hKfbfQvm3HdbOxrmggDNAPY9o=
github.com/mattn/go-sqlite3 v1.14.22 h1:2gZY6PC6kBnID23Tichd1K+Z0oS6nE/XwU+Vz/5o4kU=
github.com/mattn/go-sqlite3 v1.14.22/go.mod h1:Uh1q+B4BYcTPb+yiD3kU8Ct7aC0hY9fxUwlHK0RXw+Y=
github.com/mitchellh/mapstructure v1.5.0 h1:jeMsZIYE/09sWLaz43PL7Gy6RuMjD2eJVyuac5Z2hdY=
github.com/mitchellh/mapstructure v1.5.0/go.mod h1:bFUtVrKA4DC2yAKiSyO/QUcy7e+RRV2QTWOzhPopBRo=
github.com/samber/lo v1.47.0 h1:z7RynLwP5nbyRscyvcD043DWYoOcYRv3mV8lBeqOCLc=
github.com/samber/lo v1.47.0/go.mod h1:RmDH9Ct32Qy3gduHQuKJ3gW1fMHAnE/fAzQuf6He5cU=
go.tomakado.io/containers v0.0.0-20240306123358-5f64d4e0f4f3 h1:rF/Wb5CYNTDmh4+t46rxoGLqkJ+bDlkCkToKar3vPQk=
go.tomakado.io/containers v0.0.0-20240306123358-5f64d4e0f4f3/go.mod h1:DJuebecEGtSPNgsNhcYJ/PAsrMV8ZsYtEJIT4GllIBg=
golang.org/x/text v0.16.0 h1:a94ExnEXNtEwYLGJSIUxnWoxoRz/ZcCsV63ROupILh4=
golang.org/x/text v0.16.0/go.mod h1:GhwF1Be+LQoKShO3cGOHzqOgRrGaYc9AvblQOmPVHnI=
